PODS:
  - Alamofire (5.9.1)
  - Differentiator (5.0.0)
  - FSCalendar (2.8.4)
  - lottie-ios (4.4.3)
  - ReactorKit (3.2.0):
    - RxSwift (~> 6.0)
    - WeakMapTable (~> 1.1)
  - Realm (10.50.1):
    - Realm/Headers (= 10.50.1)
  - Realm/Headers (10.50.1)
  - RealmSwift (10.50.1):
    - Realm (= 10.50.1)
  - RxCocoa (6.7.1):
    - RxRelay (= 6.7.1)
    - RxSwift (= 6.7.1)
  - RxDataSources (5.0.0):
    - Differentiator (~> 5.0)
    - RxCocoa (~> 6.0)
    - RxSwift (~> 6.0)
  - RxKeyboard (2.0.0):
    - RxCocoa (~> 6.0)
    - RxSwift (~> 6.0)
  - RxRealm (5.0.4):
    - Realm (~> 10.21)
    - RealmSwift (~> 10.21)
    - RxCocoa (~> 6.1)
    - RxSwift (~> 6.1)
  - RxRelay (6.7.1):
    - RxSwift (= 6.7.1)
  - RxSwift (6.7.1)
  - SnapKit (5.7.1)
  - Swinject (2.9.1)
  - TextFieldEffects (1.6.0)
  - Then (3.0.0)
  - WeakMapTable (1.2.0)

DEPENDENCIES:
  - Alamofire
  - FSCalendar
  - lottie-ios
  - ReactorKit
  - RealmSwift
  - RxCocoa
  - RxDataSources
  - RxKeyboard
  - RxRealm
  - RxSwift
  - SnapKit
  - Swinject
  - TextFieldEffects
  - Then

SPEC REPOS:
  trunk:
    - Alamofire
    - Differentiator
    - FSCalendar
    - lottie-ios
    - ReactorKit
    - Realm
    - RealmSwift
    - RxCocoa
    - RxDataSources
    - RxKeyboard
    - RxRealm
    - RxRelay
    - RxSwift
    - SnapKit
    - Swinject
    - TextFieldEffects
    - Then
    - WeakMapTable

SPEC CHECKSUMS:
  Alamofire: f36a35757af4587d8e4f4bfa223ad10be2422b8c
  Differentiator: e8497ceab83c1b10ca233716d547b9af21b9344d
  FSCalendar: 2d1d0d9398f12d439f55c1fe0f01525b151b8260
  lottie-ios: fcb5e73e17ba4c983140b7d21095c834b3087418
  ReactorKit: e8b11d6b9c415405f381669b095c154a05b59eca
  Realm: 36bc9fe2681d7cf234aa487e7990821c772206a2
  RealmSwift: 84a370d3d4f191d327a9f8ade1f064a274f79847
  RxCocoa: f5609cb4637587a7faa99c5d5787e3ad582b75a4
  RxDataSources: aa47cc1ed6c500fa0dfecac5c979b723542d79cf
  RxKeyboard: 4f5863f43b4ff0cbb2a20b94688d6b80c8a43c14
  RxRealm: 666c8785327fe2fff972a3093b35dc7055c1ca38
  RxRelay: 4151ba01152436b08271e08410135e099880eae5
  RxSwift: b9a93a26031785159e11abd40d1a55bcb8057e52
  SnapKit: d612e99e678a2d3b95bf60b0705ed0a35c03484a
  Swinject: a827d508c6270da03ec74e558e728917a888fa9b
  TextFieldEffects: 529b8aff706fb40f82c41c780c0777941a893796
  Then: 844265ae87834bbe1147d91d5d41a404da2ec27d
  WeakMapTable: 05c694ce8439a7a9ebabb56187287a63c57673d6

PODFILE CHECKSUM: 9e5874ee1e7803bac51474ef863f7511734b7ed9

COCOAPODS: 1.15.2
