// !$*UTF8*$!
{
	archiveVersion = 1;
	classes = {
	};
	objectVersion = 56;
	objects = {

/* Begin PBXBuildFile section */
		1F6CAC6C071F8F0ECAB3EFC0 /* Pods_ChaeumTests.framework in Frameworks */ = {isa = PBXBuildFile; fileRef = 5B6B29FB037F512B6E5D011C /* Pods_ChaeumTests.framework */; };
		B500B9B12BF0A40C0045A2D5 /* TabbarController.swift in Sources */ = {isa = PBXBuildFile; fileRef = B500B9B02BF0A40C0045A2D5 /* TabbarController.swift */; };
		B500B9B42BF0A67D0045A2D5 /* TabbarItem.swift in Sources */ = {isa = PBXBuildFile; fileRef = B500B9B32BF0A67D0045A2D5 /* TabbarItem.swift */; };
		B500B9C52BF24FBE0045A2D5 /* Coordinator.swift in Sources */ = {isa = PBXBuildFile; fileRef = B500B9C42BF24FBE0045A2D5 /* Coordinator.swift */; };
		B500B9C92BF342610045A2D5 /* ScheduleReactor.swift in Sources */ = {isa = PBXBuildFile; fileRef = B500B9C82BF342610045A2D5 /* ScheduleReactor.swift */; };
		B500B9D12BF345B60045A2D5 /* SettingViewController.swift in Sources */ = {isa = PBXBuildFile; fileRef = B500B9D02BF345B60045A2D5 /* SettingViewController.swift */; };
		B500B9D32BF345C10045A2D5 /* SettingViewModel.swift in Sources */ = {isa = PBXBuildFile; fileRef = B500B9D22BF345C10045A2D5 /* SettingViewModel.swift */; };
		B517EB952BEB11E500C8A942 /* AppDelegate.swift in Sources */ = {isa = PBXBuildFile; fileRef = B517EB942BEB11E500C8A942 /* AppDelegate.swift */; };
		B517EB972BEB11E500C8A942 /* SceneDelegate.swift in Sources */ = {isa = PBXBuildFile; fileRef = B517EB962BEB11E500C8A942 /* SceneDelegate.swift */; };
		B517EB9F2BEB11E500C8A942 /* Chaeum.xcdatamodeld in Sources */ = {isa = PBXBuildFile; fileRef = B517EB9D2BEB11E500C8A942 /* Chaeum.xcdatamodeld */; };
		B517EBA12BEB11E600C8A942 /* Assets.xcassets in Resources */ = {isa = PBXBuildFile; fileRef = B517EBA02BEB11E600C8A942 /* Assets.xcassets */; };
		B517EBA42BEB11E600C8A942 /* Base in Resources */ = {isa = PBXBuildFile; fileRef = B517EBA32BEB11E600C8A942 /* Base */; };
		B517EBAF2BEB11E600C8A942 /* ChaeumTests.swift in Sources */ = {isa = PBXBuildFile; fileRef = B517EBAE2BEB11E600C8A942 /* ChaeumTests.swift */; };
		B517EBB92BEB11E600C8A942 /* ChaeumUITests.swift in Sources */ = {isa = PBXBuildFile; fileRef = B517EBB82BEB11E600C8A942 /* ChaeumUITests.swift */; };
		B517EBBB2BEB11E600C8A942 /* ChaeumUITestsLaunchTests.swift in Sources */ = {isa = PBXBuildFile; fileRef = B517EBBA2BEB11E600C8A942 /* ChaeumUITestsLaunchTests.swift */; };
		B517EBD02BEB21B800C8A942 /* HomeViewController.swift in Sources */ = {isa = PBXBuildFile; fileRef = B517EBCF2BEB21B800C8A942 /* HomeViewController.swift */; };
		B524D4412C0585F200BCA70E /* TestViewController.swift in Sources */ = {isa = PBXBuildFile; fileRef = B524D4402C0585F200BCA70E /* TestViewController.swift */; };
		B524D4432C0586F000BCA70E /* HomeCoordinator.swift in Sources */ = {isa = PBXBuildFile; fileRef = B524D4422C0586F000BCA70E /* HomeCoordinator.swift */; };
		B524D44C2C05997D00BCA70E /* DesignSystemColor.swift in Sources */ = {isa = PBXBuildFile; fileRef = B524D44B2C05997D00BCA70E /* DesignSystemColor.swift */; };
		B524D44E2C05999F00BCA70E /* DesignSystemFont.swift in Sources */ = {isa = PBXBuildFile; fileRef = B524D44D2C05999F00BCA70E /* DesignSystemFont.swift */; };
		B524D4512C059A9900BCA70E /* DesignSystemIcon.swift in Sources */ = {isa = PBXBuildFile; fileRef = B524D4502C059A9900BCA70E /* DesignSystemIcon.swift */; };
		B524D4532C05A6AC00BCA70E /* Schedule.swift in Sources */ = {isa = PBXBuildFile; fileRef = B524D4522C05A6AC00BCA70E /* Schedule.swift */; };
		B524D4552C05A6FE00BCA70E /* ScheduleUseCase .swift in Sources */ = {isa = PBXBuildFile; fileRef = B524D4542C05A6FE00BCA70E /* ScheduleUseCase .swift */; };
		B524D4582C05A77200BCA70E /* ViewModelType.swift in Sources */ = {isa = PBXBuildFile; fileRef = B524D4572C05A77200BCA70E /* ViewModelType.swift */; };
		B524D45A2C060FC100BCA70E /* BaseViewController.swift in Sources */ = {isa = PBXBuildFile; fileRef = B524D4592C060FC100BCA70E /* BaseViewController.swift */; };
		B524D45E2C09A92F00BCA70E /* UserDefault.swift in Sources */ = {isa = PBXBuildFile; fileRef = B524D45D2C09A92F00BCA70E /* UserDefault.swift */; };
		B524D4782C0B586000BCA70E /* BreathViewController.swift in Sources */ = {isa = PBXBuildFile; fileRef = B524D4772C0B586000BCA70E /* BreathViewController.swift */; };
		B54EAD542C0B66AB00618512 /* Pods_Chaeum.framework in Frameworks */ = {isa = PBXBuildFile; fileRef = AF9D34D562D92B2E98A09B1F /* Pods_Chaeum.framework */; };
		B581F5142C0C30BD00A38D8C /* Theme.swift in Sources */ = {isa = PBXBuildFile; fileRef = B581F5132C0C30BD00A38D8C /* Theme.swift */; };
		B581F5162C0C312600A38D8C /* ComponentAsset.swift in Sources */ = {isa = PBXBuildFile; fileRef = B581F5152C0C312600A38D8C /* ComponentAsset.swift */; };
		B581F5192C0C4C9D00A38D8C /* ScheduleRepository.swift in Sources */ = {isa = PBXBuildFile; fileRef = B581F5182C0C4C9D00A38D8C /* ScheduleRepository.swift */; };
		B581F51B2C0CBE0000A38D8C /* HomeReactor.swift in Sources */ = {isa = PBXBuildFile; fileRef = B581F51A2C0CBE0000A38D8C /* HomeReactor.swift */; };
		B581F51F2C0D514700A38D8C /* DependencyContainer.swift in Sources */ = {isa = PBXBuildFile; fileRef = B581F51E2C0D514700A38D8C /* DependencyContainer.swift */; };
		B581F5222C0D76E300A38D8C /* OnboardingViewController.swift in Sources */ = {isa = PBXBuildFile; fileRef = B581F5212C0D76E300A38D8C /* OnboardingViewController.swift */; };
		B581F5242C0D76F600A38D8C /* OnboardingReactor.swift in Sources */ = {isa = PBXBuildFile; fileRef = B581F5232C0D76F600A38D8C /* OnboardingReactor.swift */; };
		B581F5262C0D770700A38D8C /* OnboardingCoordinator.swift in Sources */ = {isa = PBXBuildFile; fileRef = B581F5252C0D770700A38D8C /* OnboardingCoordinator.swift */; };
		B581F5402C0EBF4300A38D8C /* HeaderView .swift in Sources */ = {isa = PBXBuildFile; fileRef = B581F53F2C0EBF4300A38D8C /* HeaderView .swift */; };
		B581F5422C0ED54B00A38D8C /* NameView.swift in Sources */ = {isa = PBXBuildFile; fileRef = B581F5412C0ED54B00A38D8C /* NameView.swift */; };
		B581F5482C0ED57700A38D8C /* WorryCategoryView .swift in Sources */ = {isa = PBXBuildFile; fileRef = B581F5472C0ED57700A38D8C /* WorryCategoryView .swift */; };
		B581F54C2C1B258D00A38D8C /* User.swift in Sources */ = {isa = PBXBuildFile; fileRef = B581F54B2C1B258D00A38D8C /* User.swift */; };
		B581F54E2C1BDCEC00A38D8C /* OnboardingUseCase .swift in Sources */ = {isa = PBXBuildFile; fileRef = B581F54D2C1BDCEC00A38D8C /* OnboardingUseCase .swift */; };
		B581F5512C1BDD2200A38D8C /* OnboardingRepository.swift in Sources */ = {isa = PBXBuildFile; fileRef = B581F5502C1BDD2200A38D8C /* OnboardingRepository.swift */; };
		B581F5542C1C823700A38D8C /* SegmentedProgressBar.swift in Sources */ = {isa = PBXBuildFile; fileRef = B581F5532C1C823700A38D8C /* SegmentedProgressBar.swift */; };
		B581F5592C2D9BB200A38D8C /* JobCategoryCell.swift in Sources */ = {isa = PBXBuildFile; fileRef = B581F5582C2D9BB200A38D8C /* JobCategoryCell.swift */; };
		B581F55D2C2D9D2700A38D8C /* JobCategoryReactor.swift in Sources */ = {isa = PBXBuildFile; fileRef = B581F55C2C2D9D2700A38D8C /* JobCategoryReactor.swift */; };
		B581F55F2C2DA19300A38D8C /* ReusableIdentifier.swift in Sources */ = {isa = PBXBuildFile; fileRef = B581F55E2C2DA19300A38D8C /* ReusableIdentifier.swift */; };
		B581F5612C3278D400A38D8C /* JobCategoryRepository.swift in Sources */ = {isa = PBXBuildFile; fileRef = B581F5602C3278D400A38D8C /* JobCategoryRepository.swift */; };
		B581F5632C32D11600A38D8C /* Gravity.swift in Sources */ = {isa = PBXBuildFile; fileRef = B581F5622C32D11600A38D8C /* Gravity.swift */; };
		B581F5652C32D1B900A38D8C /* BubbleView.swift in Sources */ = {isa = PBXBuildFile; fileRef = B581F5642C32D1B900A38D8C /* BubbleView.swift */; };
		B581F5672C32FB8900A38D8C /* Worry.swift in Sources */ = {isa = PBXBuildFile; fileRef = B581F5662C32FB8900A38D8C /* Worry.swift */; };
		B581F5692C32FBB600A38D8C /* Todo.swift in Sources */ = {isa = PBXBuildFile; fileRef = B581F5682C32FBB600A38D8C /* Todo.swift */; };
		B581F56B2C33003700A38D8C /* RealmManager.swift in Sources */ = {isa = PBXBuildFile; fileRef = B581F56A2C33003700A38D8C /* RealmManager.swift */; };
		B581F56D2C33027B00A38D8C /* WorryRepository.swift in Sources */ = {isa = PBXBuildFile; fileRef = B581F56C2C33027B00A38D8C /* WorryRepository.swift */; };
		B581F56F2C33035900A38D8C /* WorryUseCase.swift in Sources */ = {isa = PBXBuildFile; fileRef = B581F56E2C33035900A38D8C /* WorryUseCase.swift */; };
		B581F5712C33042700A38D8C /* WorryListReactor.swift in Sources */ = {isa = PBXBuildFile; fileRef = B581F5702C33042700A38D8C /* WorryListReactor.swift */; };
		B7DEE849A8285F47AFFD23BF /* Pods_Chaeum_ChaeumUITests.framework in Frameworks */ = {isa = PBXBuildFile; fileRef = C7F857F5F1A8645FE45278FE /* Pods_Chaeum_ChaeumUITests.framework */; };
/* End PBXBuildFile section */

/* Begin PBXContainerItemProxy section */
		B517EBAB2BEB11E600C8A942 /* PBXContainerItemProxy */ = {
			isa = PBXContainerItemProxy;
			containerPortal = B517EB892BEB11E500C8A942 /* Project object */;
			proxyType = 1;
			remoteGlobalIDString = B517EB902BEB11E500C8A942;
			remoteInfo = Chaeum;
		};
		B517EBB52BEB11E600C8A942 /* PBXContainerItemProxy */ = {
			isa = PBXContainerItemProxy;
			containerPortal = B517EB892BEB11E500C8A942 /* Project object */;
			proxyType = 1;
			remoteGlobalIDString = B517EB902BEB11E500C8A942;
			remoteInfo = Chaeum;
		};
/* End PBXContainerItemProxy section */

/* Begin PBXFileReference section */
		2FDBCD10CB04643A0DDFC30E /* Pods-Chaeum-ChaeumUITests.debug.xcconfig */ = {isa = PBXFileReference; includeInIndex = 1; lastKnownFileType = text.xcconfig; name = "Pods-Chaeum-ChaeumUITests.debug.xcconfig"; path = "Target Support Files/Pods-Chaeum-ChaeumUITests/Pods-Chaeum-ChaeumUITests.debug.xcconfig"; sourceTree = "<group>"; };
		3E91035569F5C85ABFFE5624 /* Pods-ChaeumTests.release.xcconfig */ = {isa = PBXFileReference; includeInIndex = 1; lastKnownFileType = text.xcconfig; name = "Pods-ChaeumTests.release.xcconfig"; path = "Target Support Files/Pods-ChaeumTests/Pods-ChaeumTests.release.xcconfig"; sourceTree = "<group>"; };
		3F325423F11F36EBA83DE32E /* Pods-Chaeum-ChaeumUITests.release.xcconfig */ = {isa = PBXFileReference; includeInIndex = 1; lastKnownFileType = text.xcconfig; name = "Pods-Chaeum-ChaeumUITests.release.xcconfig"; path = "Target Support Files/Pods-Chaeum-ChaeumUITests/Pods-Chaeum-ChaeumUITests.release.xcconfig"; sourceTree = "<group>"; };
		5B6B29FB037F512B6E5D011C /* Pods_ChaeumTests.framework */ = {isa = PBXFileReference; explicitFileType = wrapper.framework; includeInIndex = 0; path = Pods_ChaeumTests.framework; sourceTree = BUILT_PRODUCTS_DIR; };
		650728DD8C94253B13176DAE /* Pods-Chaeum.debug.xcconfig */ = {isa = PBXFileReference; includeInIndex = 1; lastKnownFileType = text.xcconfig; name = "Pods-Chaeum.debug.xcconfig"; path = "Target Support Files/Pods-Chaeum/Pods-Chaeum.debug.xcconfig"; sourceTree = "<group>"; };
		69D38FBB3B7FB5A7C3EBA605 /* Pods-Chaeum.release.xcconfig */ = {isa = PBXFileReference; includeInIndex = 1; lastKnownFileType = text.xcconfig; name = "Pods-Chaeum.release.xcconfig"; path = "Target Support Files/Pods-Chaeum/Pods-Chaeum.release.xcconfig"; sourceTree = "<group>"; };
		AF9D34D562D92B2E98A09B1F /* Pods_Chaeum.framework */ = {isa = PBXFileReference; explicitFileType = wrapper.framework; includeInIndex = 0; path = Pods_Chaeum.framework; sourceTree = BUILT_PRODUCTS_DIR; };
		B500B9B02BF0A40C0045A2D5 /* TabbarController.swift */ = {isa = PBXFileReference; lastKnownFileType = sourcecode.swift; path = TabbarController.swift; sourceTree = "<group>"; };
		B500B9B32BF0A67D0045A2D5 /* TabbarItem.swift */ = {isa = PBXFileReference; lastKnownFileType = sourcecode.swift; path = TabbarItem.swift; sourceTree = "<group>"; };
		B500B9C42BF24FBE0045A2D5 /* Coordinator.swift */ = {isa = PBXFileReference; lastKnownFileType = sourcecode.swift; path = Coordinator.swift; sourceTree = "<group>"; };
		B500B9C82BF342610045A2D5 /* ScheduleReactor.swift */ = {isa = PBXFileReference; lastKnownFileType = sourcecode.swift; path = ScheduleReactor.swift; sourceTree = "<group>"; };
		B500B9D02BF345B60045A2D5 /* SettingViewController.swift */ = {isa = PBXFileReference; lastKnownFileType = sourcecode.swift; path = SettingViewController.swift; sourceTree = "<group>"; };
		B500B9D22BF345C10045A2D5 /* SettingViewModel.swift */ = {isa = PBXFileReference; lastKnownFileType = sourcecode.swift; path = SettingViewModel.swift; sourceTree = "<group>"; };
		B517EB912BEB11E500C8A942 /* Chaeum.app */ = {isa = PBXFileReference; explicitFileType = wrapper.application; includeInIndex = 0; path = Chaeum.app; sourceTree = BUILT_PRODUCTS_DIR; };
		B517EB942BEB11E500C8A942 /* AppDelegate.swift */ = {isa = PBXFileReference; lastKnownFileType = sourcecode.swift; path = AppDelegate.swift; sourceTree = "<group>"; };
		B517EB962BEB11E500C8A942 /* SceneDelegate.swift */ = {isa = PBXFileReference; lastKnownFileType = sourcecode.swift; path = SceneDelegate.swift; sourceTree = "<group>"; };
		B517EB9E2BEB11E500C8A942 /* Chaeum.xcdatamodel */ = {isa = PBXFileReference; lastKnownFileType = wrapper.xcdatamodel; path = Chaeum.xcdatamodel; sourceTree = "<group>"; };
		B517EBA02BEB11E600C8A942 /* Assets.xcassets */ = {isa = PBXFileReference; lastKnownFileType = folder.assetcatalog; path = Assets.xcassets; sourceTree = "<group>"; };
		B517EBA32BEB11E600C8A942 /* Base */ = {isa = PBXFileReference; lastKnownFileType = file.storyboard; name = Base; path = Base.lproj/LaunchScreen.storyboard; sourceTree = "<group>"; };
		B517EBA52BEB11E600C8A942 /* Info.plist */ = {isa = PBXFileReference; lastKnownFileType = text.plist.xml; path = Info.plist; sourceTree = "<group>"; };
		B517EBAA2BEB11E600C8A942 /* ChaeumTests.xctest */ = {isa = PBXFileReference; explicitFileType = wrapper.cfbundle; includeInIndex = 0; path = ChaeumTests.xctest; sourceTree = BUILT_PRODUCTS_DIR; };
		B517EBAE2BEB11E600C8A942 /* ChaeumTests.swift */ = {isa = PBXFileReference; lastKnownFileType = sourcecode.swift; path = ChaeumTests.swift; sourceTree = "<group>"; };
		B517EBB42BEB11E600C8A942 /* ChaeumUITests.xctest */ = {isa = PBXFileReference; explicitFileType = wrapper.cfbundle; includeInIndex = 0; path = ChaeumUITests.xctest; sourceTree = BUILT_PRODUCTS_DIR; };
		B517EBB82BEB11E600C8A942 /* ChaeumUITests.swift */ = {isa = PBXFileReference; lastKnownFileType = sourcecode.swift; path = ChaeumUITests.swift; sourceTree = "<group>"; };
		B517EBBA2BEB11E600C8A942 /* ChaeumUITestsLaunchTests.swift */ = {isa = PBXFileReference; lastKnownFileType = sourcecode.swift; path = ChaeumUITestsLaunchTests.swift; sourceTree = "<group>"; };
		B517EBCF2BEB21B800C8A942 /* HomeViewController.swift */ = {isa = PBXFileReference; lastKnownFileType = sourcecode.swift; path = HomeViewController.swift; sourceTree = "<group>"; };
		B524D4402C0585F200BCA70E /* TestViewController.swift */ = {isa = PBXFileReference; lastKnownFileType = sourcecode.swift; path = TestViewController.swift; sourceTree = "<group>"; };
		B524D4422C0586F000BCA70E /* HomeCoordinator.swift */ = {isa = PBXFileReference; lastKnownFileType = sourcecode.swift; path = HomeCoordinator.swift; sourceTree = "<group>"; };
		B524D44B2C05997D00BCA70E /* DesignSystemColor.swift */ = {isa = PBXFileReference; lastKnownFileType = sourcecode.swift; path = DesignSystemColor.swift; sourceTree = "<group>"; };
		B524D44D2C05999F00BCA70E /* DesignSystemFont.swift */ = {isa = PBXFileReference; lastKnownFileType = sourcecode.swift; path = DesignSystemFont.swift; sourceTree = "<group>"; };
		B524D4502C059A9900BCA70E /* DesignSystemIcon.swift */ = {isa = PBXFileReference; lastKnownFileType = sourcecode.swift; path = DesignSystemIcon.swift; sourceTree = "<group>"; };
		B524D4522C05A6AC00BCA70E /* Schedule.swift */ = {isa = PBXFileReference; lastKnownFileType = sourcecode.swift; path = Schedule.swift; sourceTree = "<group>"; };
		B524D4542C05A6FE00BCA70E /* ScheduleUseCase .swift */ = {isa = PBXFileReference; lastKnownFileType = sourcecode.swift; path = "ScheduleUseCase .swift"; sourceTree = "<group>"; };
		B524D4572C05A77200BCA70E /* ViewModelType.swift */ = {isa = PBXFileReference; lastKnownFileType = sourcecode.swift; path = ViewModelType.swift; sourceTree = "<group>"; };
		B524D4592C060FC100BCA70E /* BaseViewController.swift */ = {isa = PBXFileReference; lastKnownFileType = sourcecode.swift; path = BaseViewController.swift; sourceTree = "<group>"; };
		B524D45D2C09A92F00BCA70E /* UserDefault.swift */ = {isa = PBXFileReference; lastKnownFileType = sourcecode.swift; path = UserDefault.swift; sourceTree = "<group>"; };
		B524D4772C0B586000BCA70E /* BreathViewController.swift */ = {isa = PBXFileReference; lastKnownFileType = sourcecode.swift; path = BreathViewController.swift; sourceTree = "<group>"; };
		B581F5132C0C30BD00A38D8C /* Theme.swift */ = {isa = PBXFileReference; lastKnownFileType = sourcecode.swift; path = Theme.swift; sourceTree = "<group>"; };
		B581F5152C0C312600A38D8C /* ComponentAsset.swift */ = {isa = PBXFileReference; lastKnownFileType = sourcecode.swift; path = ComponentAsset.swift; sourceTree = "<group>"; };
		B581F5182C0C4C9D00A38D8C /* ScheduleRepository.swift */ = {isa = PBXFileReference; lastKnownFileType = sourcecode.swift; path = ScheduleRepository.swift; sourceTree = "<group>"; };
		B581F51A2C0CBE0000A38D8C /* HomeReactor.swift */ = {isa = PBXFileReference; lastKnownFileType = sourcecode.swift; path = HomeReactor.swift; sourceTree = "<group>"; };
		B581F51E2C0D514700A38D8C /* DependencyContainer.swift */ = {isa = PBXFileReference; lastKnownFileType = sourcecode.swift; path = DependencyContainer.swift; sourceTree = "<group>"; };
		B581F5212C0D76E300A38D8C /* OnboardingViewController.swift */ = {isa = PBXFileReference; lastKnownFileType = sourcecode.swift; path = OnboardingViewController.swift; sourceTree = "<group>"; };
		B581F5232C0D76F600A38D8C /* OnboardingReactor.swift */ = {isa = PBXFileReference; lastKnownFileType = sourcecode.swift; path = OnboardingReactor.swift; sourceTree = "<group>"; };
		B581F5252C0D770700A38D8C /* OnboardingCoordinator.swift */ = {isa = PBXFileReference; lastKnownFileType = sourcecode.swift; path = OnboardingCoordinator.swift; sourceTree = "<group>"; };
		B581F53F2C0EBF4300A38D8C /* HeaderView .swift */ = {isa = PBXFileReference; lastKnownFileType = sourcecode.swift; path = "HeaderView .swift"; sourceTree = "<group>"; };
		B581F5412C0ED54B00A38D8C /* NameView.swift */ = {isa = PBXFileReference; lastKnownFileType = sourcecode.swift; path = NameView.swift; sourceTree = "<group>"; };
		B581F5472C0ED57700A38D8C /* WorryCategoryView .swift */ = {isa = PBXFileReference; lastKnownFileType = sourcecode.swift; path = "WorryCategoryView .swift"; sourceTree = "<group>"; };
		B581F54B2C1B258D00A38D8C /* User.swift */ = {isa = PBXFileReference; lastKnownFileType = sourcecode.swift; path = User.swift; sourceTree = "<group>"; };
		B581F54D2C1BDCEC00A38D8C /* OnboardingUseCase .swift */ = {isa = PBXFileReference; lastKnownFileType = sourcecode.swift; path = "OnboardingUseCase .swift"; sourceTree = "<group>"; };
		B581F5502C1BDD2200A38D8C /* OnboardingRepository.swift */ = {isa = PBXFileReference; lastKnownFileType = sourcecode.swift; path = OnboardingRepository.swift; sourceTree = "<group>"; };
		B581F5532C1C823700A38D8C /* SegmentedProgressBar.swift */ = {isa = PBXFileReference; lastKnownFileType = sourcecode.swift; path = SegmentedProgressBar.swift; sourceTree = "<group>"; };
		B581F5582C2D9BB200A38D8C /* JobCategoryCell.swift */ = {isa = PBXFileReference; lastKnownFileType = sourcecode.swift; path = JobCategoryCell.swift; sourceTree = "<group>"; };
		B581F55C2C2D9D2700A38D8C /* JobCategoryReactor.swift */ = {isa = PBXFileReference; lastKnownFileType = sourcecode.swift; path = JobCategoryReactor.swift; sourceTree = "<group>"; };
		B581F55E2C2DA19300A38D8C /* ReusableIdentifier.swift */ = {isa = PBXFileReference; lastKnownFileType = sourcecode.swift; path = ReusableIdentifier.swift; sourceTree = "<group>"; };
		B581F5602C3278D400A38D8C /* JobCategoryRepository.swift */ = {isa = PBXFileReference; lastKnownFileType = sourcecode.swift; path = JobCategoryRepository.swift; sourceTree = "<group>"; };
		B581F5622C32D11600A38D8C /* Gravity.swift */ = {isa = PBXFileReference; lastKnownFileType = sourcecode.swift; path = Gravity.swift; sourceTree = "<group>"; };
		B581F5642C32D1B900A38D8C /* BubbleView.swift */ = {isa = PBXFileReference; lastKnownFileType = sourcecode.swift; path = BubbleView.swift; sourceTree = "<group>"; };
		B581F5662C32FB8900A38D8C /* Worry.swift */ = {isa = PBXFileReference; lastKnownFileType = sourcecode.swift; path = Worry.swift; sourceTree = "<group>"; };
		B581F5682C32FBB600A38D8C /* Todo.swift */ = {isa = PBXFileReference; lastKnownFileType = sourcecode.swift; path = Todo.swift; sourceTree = "<group>"; };
		B581F56A2C33003700A38D8C /* RealmManager.swift */ = {isa = PBXFileReference; lastKnownFileType = sourcecode.swift; path = RealmManager.swift; sourceTree = "<group>"; };
		B581F56C2C33027B00A38D8C /* WorryRepository.swift */ = {isa = PBXFileReference; lastKnownFileType = sourcecode.swift; path = WorryRepository.swift; sourceTree = "<group>"; };
		B581F56E2C33035900A38D8C /* WorryUseCase.swift */ = {isa = PBXFileReference; lastKnownFileType = sourcecode.swift; path = WorryUseCase.swift; sourceTree = "<group>"; };
		B581F5702C33042700A38D8C /* WorryListReactor.swift */ = {isa = PBXFileReference; lastKnownFileType = sourcecode.swift; path = WorryListReactor.swift; sourceTree = "<group>"; };
		C7F857F5F1A8645FE45278FE /* Pods_Chaeum_ChaeumUITests.framework */ = {isa = PBXFileReference; explicitFileType = wrapper.framework; includeInIndex = 0; path = Pods_Chaeum_ChaeumUITests.framework; sourceTree = BUILT_PRODUCTS_DIR; };
		EAAF5BAEA8927A43B2BB858D /* Pods-ChaeumTests.debug.xcconfig */ = {isa = PBXFileReference; includeInIndex = 1; lastKnownFileType = text.xcconfig; name = "Pods-ChaeumTests.debug.xcconfig"; path = "Target Support Files/Pods-ChaeumTests/Pods-ChaeumTests.debug.xcconfig"; sourceTree = "<group>"; };
/* End PBXFileReference section */

/* Begin PBXFrameworksBuildPhase section */
		B517EB8E2BEB11E500C8A942 /* Frameworks */ = {
			isa = PBXFrameworksBuildPhase;
			buildActionMask = 2147483647;
			files = (
				B54EAD542C0B66AB00618512 /* Pods_Chaeum.framework in Frameworks */,
			);
			runOnlyForDeploymentPostprocessing = 0;
		};
		B517EBA72BEB11E600C8A942 /* Frameworks */ = {
			isa = PBXFrameworksBuildPhase;
			buildActionMask = 2147483647;
			files = (
				1F6CAC6C071F8F0ECAB3EFC0 /* Pods_ChaeumTests.framework in Frameworks */,
			);
			runOnlyForDeploymentPostprocessing = 0;
		};
		B517EBB12BEB11E600C8A942 /* Frameworks */ = {
			isa = PBXFrameworksBuildPhase;
			buildActionMask = 2147483647;
			files = (
				B7DEE849A8285F47AFFD23BF /* Pods_Chaeum_ChaeumUITests.framework in Frameworks */,
			);
			runOnlyForDeploymentPostprocessing = 0;
		};
/* End PBXFrameworksBuildPhase section */

/* Begin PBXGroup section */
		B500B9B22BF0A6120045A2D5 /* Tabbar */ = {
			isa = PBXGroup;
			children = (
				B500B9B02BF0A40C0045A2D5 /* TabbarController.swift */,
				B500B9B32BF0A67D0045A2D5 /* TabbarItem.swift */,
			);
			path = Tabbar;
			sourceTree = "<group>";
		};
		B500B9C32BF24FB20045A2D5 /* Flows */ = {
			isa = PBXGroup;
			children = (
				B500B9C42BF24FBE0045A2D5 /* Coordinator.swift */,
				B524D4422C0586F000BCA70E /* HomeCoordinator.swift */,
				B581F5252C0D770700A38D8C /* OnboardingCoordinator.swift */,
			);
			path = Flows;
			sourceTree = "<group>";
		};
		B500B9CF2BF345A90045A2D5 /* Settings */ = {
			isa = PBXGroup;
			children = (
				B500B9D02BF345B60045A2D5 /* SettingViewController.swift */,
				B500B9D22BF345C10045A2D5 /* SettingViewModel.swift */,
			);
			path = Settings;
			sourceTree = "<group>";
		};
		B517EB882BEB11E500C8A942 = {
			isa = PBXGroup;
			children = (
				B517EB932BEB11E500C8A942 /* Chaeum */,
				B517EBAD2BEB11E600C8A942 /* ChaeumTests */,
				B517EBB72BEB11E600C8A942 /* ChaeumUITests */,
				B517EB922BEB11E500C8A942 /* Products */,
				CEE39EF868F3531CEA4B9DFE /* Pods */,
				C5EAAB83B87627A33A3267C3 /* Frameworks */,
			);
			sourceTree = "<group>";
		};
		B517EB922BEB11E500C8A942 /* Products */ = {
			isa = PBXGroup;
			children = (
				B517EB912BEB11E500C8A942 /* Chaeum.app */,
				B517EBAA2BEB11E600C8A942 /* ChaeumTests.xctest */,
				B517EBB42BEB11E600C8A942 /* ChaeumUITests.xctest */,
			);
			name = Products;
			sourceTree = "<group>";
		};
		B517EB932BEB11E500C8A942 /* Chaeum */ = {
			isa = PBXGroup;
			children = (
				B517EBA52BEB11E600C8A942 /* Info.plist */,
				B517EB962BEB11E500C8A942 /* SceneDelegate.swift */,
				B517EB942BEB11E500C8A942 /* AppDelegate.swift */,
				B517EBCD2BEB13AD00C8A942 /* Sources */,
				B517EBCC2BEB135D00C8A942 /* Resources */,
			);
			path = Chaeum;
			sourceTree = "<group>";
		};
		B517EBAD2BEB11E600C8A942 /* ChaeumTests */ = {
			isa = PBXGroup;
			children = (
				B517EBAE2BEB11E600C8A942 /* ChaeumTests.swift */,
			);
			path = ChaeumTests;
			sourceTree = "<group>";
		};
		B517EBB72BEB11E600C8A942 /* ChaeumUITests */ = {
			isa = PBXGroup;
			children = (
				B517EBB82BEB11E600C8A942 /* ChaeumUITests.swift */,
				B517EBBA2BEB11E600C8A942 /* ChaeumUITestsLaunchTests.swift */,
			);
			path = ChaeumUITests;
			sourceTree = "<group>";
		};
		B517EBCC2BEB135D00C8A942 /* Resources */ = {
			isa = PBXGroup;
			children = (
				B517EB9D2BEB11E500C8A942 /* Chaeum.xcdatamodeld */,
				B517EBA02BEB11E600C8A942 /* Assets.xcassets */,
				B517EBA22BEB11E600C8A942 /* LaunchScreen.storyboard */,
			);
			path = Resources;
			sourceTree = "<group>";
		};
		B517EBCD2BEB13AD00C8A942 /* Sources */ = {
			isa = PBXGroup;
			children = (
				B581F51D2C0D513700A38D8C /* DI */,
				B524D45B2C09A91800BCA70E /* Data */,
				B524D4562C05A76900BCA70E /* Common */,
				B524D4442C0588F900BCA70E /* DesignSystem */,
				B524D43F2C01B83100BCA70E /* Presentations */,
				B524D43A2C01B7FC00BCA70E /* Domain */,
				B500B9C32BF24FB20045A2D5 /* Flows */,
			);
			path = Sources;
			sourceTree = "<group>";
		};
		B517EBCE2BEB21A600C8A942 /* Home */ = {
			isa = PBXGroup;
			children = (
				B581F51C2C0CC49900A38D8C /* Reactor */,
				B517EBCF2BEB21B800C8A942 /* HomeViewController.swift */,
				B524D4402C0585F200BCA70E /* TestViewController.swift */,
			);
			path = Home;
			sourceTree = "<group>";
		};
		B524D43A2C01B7FC00BCA70E /* Domain */ = {
			isa = PBXGroup;
			children = (
				B524D43C2C01B80900BCA70E /* UseCases */,
				B524D43B2C01B80100BCA70E /* Entities */,
			);
			path = Domain;
			sourceTree = "<group>";
		};
		B524D43B2C01B80100BCA70E /* Entities */ = {
			isa = PBXGroup;
			children = (
				B524D4522C05A6AC00BCA70E /* Schedule.swift */,
				B581F54B2C1B258D00A38D8C /* User.swift */,
				B581F5662C32FB8900A38D8C /* Worry.swift */,
				B581F5682C32FBB600A38D8C /* Todo.swift */,
			);
			path = Entities;
			sourceTree = "<group>";
		};
		B524D43C2C01B80900BCA70E /* UseCases */ = {
			isa = PBXGroup;
			children = (
				B524D4542C05A6FE00BCA70E /* ScheduleUseCase .swift */,
				B581F54D2C1BDCEC00A38D8C /* OnboardingUseCase .swift */,
				B581F56E2C33035900A38D8C /* WorryUseCase.swift */,
			);
			path = UseCases;
			sourceTree = "<group>";
		};
		B524D43D2C01B81100BCA70E /* Interfaces */ = {
			isa = PBXGroup;
			children = (
				B524D43E2C01B81D00BCA70E /* Repositories */,
			);
			path = Interfaces;
			sourceTree = "<group>";
		};
		B524D43E2C01B81D00BCA70E /* Repositories */ = {
			isa = PBXGroup;
			children = (
				B581F5182C0C4C9D00A38D8C /* ScheduleRepository.swift */,
				B581F5502C1BDD2200A38D8C /* OnboardingRepository.swift */,
				B581F5602C3278D400A38D8C /* JobCategoryRepository.swift */,
				B581F56C2C33027B00A38D8C /* WorryRepository.swift */,
			);
			path = Repositories;
			sourceTree = "<group>";
		};
		B524D43F2C01B83100BCA70E /* Presentations */ = {
			isa = PBXGroup;
			children = (
				B581F53D2C0EBA3D00A38D8C /* Components */,
				B581F5202C0D76D200A38D8C /* Onboarding  */,
				B524D4762C0B584C00BCA70E /* Breath */,
				B517EBCE2BEB21A600C8A942 /* Home */,
				B500B9B22BF0A6120045A2D5 /* Tabbar */,
				B500B9CF2BF345A90045A2D5 /* Settings */,
			);
			path = Presentations;
			sourceTree = "<group>";
		};
		B524D4442C0588F900BCA70E /* DesignSystem */ = {
			isa = PBXGroup;
			children = (
				B581F5122C0C30B300A38D8C /* Theme */,
				B524D44F2C059A8D00BCA70E /* Icon */,
				B524D44A2C05996F00BCA70E /* Color */,
				B524D4462C05893800BCA70E /* Navigation */,
				B524D4452C05890600BCA70E /* Font */,
			);
			path = DesignSystem;
			sourceTree = "<group>";
		};
		B524D4452C05890600BCA70E /* Font */ = {
			isa = PBXGroup;
			children = (
				B524D44D2C05999F00BCA70E /* DesignSystemFont.swift */,
			);
			path = Font;
			sourceTree = "<group>";
		};
		B524D4462C05893800BCA70E /* Navigation */ = {
			isa = PBXGroup;
			children = (
			);
			path = Navigation;
			sourceTree = "<group>";
		};
		B524D44A2C05996F00BCA70E /* Color */ = {
			isa = PBXGroup;
			children = (
				B524D44B2C05997D00BCA70E /* DesignSystemColor.swift */,
			);
			path = Color;
			sourceTree = "<group>";
		};
		B524D44F2C059A8D00BCA70E /* Icon */ = {
			isa = PBXGroup;
			children = (
				B524D4502C059A9900BCA70E /* DesignSystemIcon.swift */,
			);
			path = Icon;
			sourceTree = "<group>";
		};
		B524D4562C05A76900BCA70E /* Common */ = {
			isa = PBXGroup;
			children = (
				B524D4572C05A77200BCA70E /* ViewModelType.swift */,
				B524D4592C060FC100BCA70E /* BaseViewController.swift */,
				B581F55E2C2DA19300A38D8C /* ReusableIdentifier.swift */,
			);
			path = Common;
			sourceTree = "<group>";
		};
		B524D45B2C09A91800BCA70E /* Data */ = {
			isa = PBXGroup;
			children = (
				B524D43D2C01B81100BCA70E /* Interfaces */,
				B524D45C2C09A91F00BCA70E /* UserDefaults */,
				B581F56A2C33003700A38D8C /* RealmManager.swift */,
			);
			path = Data;
			sourceTree = "<group>";
		};
		B524D45C2C09A91F00BCA70E /* UserDefaults */ = {
			isa = PBXGroup;
			children = (
				B524D45D2C09A92F00BCA70E /* UserDefault.swift */,
			);
			path = UserDefaults;
			sourceTree = "<group>";
		};
		B524D4762C0B584C00BCA70E /* Breath */ = {
			isa = PBXGroup;
			children = (
				B524D4772C0B586000BCA70E /* BreathViewController.swift */,
			);
			path = Breath;
			sourceTree = "<group>";
		};
		B581F5122C0C30B300A38D8C /* Theme */ = {
			isa = PBXGroup;
			children = (
				B581F5132C0C30BD00A38D8C /* Theme.swift */,
				B581F5152C0C312600A38D8C /* ComponentAsset.swift */,
			);
			path = Theme;
			sourceTree = "<group>";
		};
		B581F51C2C0CC49900A38D8C /* Reactor */ = {
			isa = PBXGroup;
			children = (
				B581F51A2C0CBE0000A38D8C /* HomeReactor.swift */,
				B500B9C82BF342610045A2D5 /* ScheduleReactor.swift */,
			);
			path = Reactor;
			sourceTree = "<group>";
		};
		B581F51D2C0D513700A38D8C /* DI */ = {
			isa = PBXGroup;
			children = (
				B581F51E2C0D514700A38D8C /* DependencyContainer.swift */,
			);
			name = DI;
			path = "야";
			sourceTree = "<group>";
		};
		B581F5202C0D76D200A38D8C /* Onboarding  */ = {
			isa = PBXGroup;
			children = (
				B581F55B2C2D9D1700A38D8C /* Reactors */,
				B581F55A2C2D9BB600A38D8C /* Cells */,
				B581F53E2C0EBF3900A38D8C /* Views */,
				B581F5212C0D76E300A38D8C /* OnboardingViewController.swift */,
			);
			path = "Onboarding ";
			sourceTree = "<group>";
		};
		B581F53D2C0EBA3D00A38D8C /* Components */ = {
			isa = PBXGroup;
			children = (
				B581F5532C1C823700A38D8C /* SegmentedProgressBar.swift */,
				B581F5622C32D11600A38D8C /* Gravity.swift */,
			);
			path = Components;
			sourceTree = "<group>";
		};
		B581F53E2C0EBF3900A38D8C /* Views */ = {
			isa = PBXGroup;
			children = (
				B581F53F2C0EBF4300A38D8C /* HeaderView .swift */,
				B581F5412C0ED54B00A38D8C /* NameView.swift */,
				B581F5472C0ED57700A38D8C /* WorryCategoryView .swift */,
				B581F5642C32D1B900A38D8C /* BubbleView.swift */,
			);
			path = Views;
			sourceTree = "<group>";
		};
		B581F55A2C2D9BB600A38D8C /* Cells */ = {
			isa = PBXGroup;
			children = (
				B581F5582C2D9BB200A38D8C /* JobCategoryCell.swift */,
			);
			path = Cells;
			sourceTree = "<group>";
		};
		B581F55B2C2D9D1700A38D8C /* Reactors */ = {
			isa = PBXGroup;
			children = (
				B581F5232C0D76F600A38D8C /* OnboardingReactor.swift */,
				B581F55C2C2D9D2700A38D8C /* JobCategoryReactor.swift */,
				B581F5702C33042700A38D8C /* WorryListReactor.swift */,
			);
			path = Reactors;
			sourceTree = "<group>";
		};
		C5EAAB83B87627A33A3267C3 /* Frameworks */ = {
			isa = PBXGroup;
			children = (
				AF9D34D562D92B2E98A09B1F /* Pods_Chaeum.framework */,
				C7F857F5F1A8645FE45278FE /* Pods_Chaeum_ChaeumUITests.framework */,
				5B6B29FB037F512B6E5D011C /* Pods_ChaeumTests.framework */,
			);
			name = Frameworks;
			sourceTree = "<group>";
		};
		CEE39EF868F3531CEA4B9DFE /* Pods */ = {
			isa = PBXGroup;
			children = (
				650728DD8C94253B13176DAE /* Pods-Chaeum.debug.xcconfig */,
				69D38FBB3B7FB5A7C3EBA605 /* Pods-Chaeum.release.xcconfig */,
				2FDBCD10CB04643A0DDFC30E /* Pods-Chaeum-ChaeumUITests.debug.xcconfig */,
				3F325423F11F36EBA83DE32E /* Pods-Chaeum-ChaeumUITests.release.xcconfig */,
				EAAF5BAEA8927A43B2BB858D /* Pods-ChaeumTests.debug.xcconfig */,
				3E91035569F5C85ABFFE5624 /* Pods-ChaeumTests.release.xcconfig */,
			);
			path = Pods;
			sourceTree = "<group>";
		};
/* End PBXGroup section */

/* Begin PBXNativeTarget section */
		B517EB902BEB11E500C8A942 /* Chaeum */ = {
			isa = PBXNativeTarget;
			buildConfigurationList = B517EBBE2BEB11E600C8A942 /* Build configuration list for PBXNativeTarget "Chaeum" */;
			buildPhases = (
				128627ACC454D2591017E5A4 /* [CP] Check Pods Manifest.lock */,
				B517EB8D2BEB11E500C8A942 /* Sources */,
				B517EB8E2BEB11E500C8A942 /* Frameworks */,
				B517EB8F2BEB11E500C8A942 /* Resources */,
				32C9A834083556C9DF43A862 /* [CP] Embed Pods Frameworks */,
			);
			buildRules = (
			);
			dependencies = (
			);
			name = Chaeum;
			productName = Chaeum;
			productReference = B517EB912BEB11E500C8A942 /* Chaeum.app */;
			productType = "com.apple.product-type.application";
		};
		B517EBA92BEB11E600C8A942 /* ChaeumTests */ = {
			isa = PBXNativeTarget;
			buildConfigurationList = B517EBC12BEB11E600C8A942 /* Build configuration list for PBXNativeTarget "ChaeumTests" */;
			buildPhases = (
				2E045806C4B59B373B281F44 /* [CP] Check Pods Manifest.lock */,
				B517EBA62BEB11E600C8A942 /* Sources */,
				B517EBA72BEB11E600C8A942 /* Frameworks */,
				B517EBA82BEB11E600C8A942 /* Resources */,
			);
			buildRules = (
			);
			dependencies = (
				B517EBAC2BEB11E600C8A942 /* PBXTargetDependency */,
			);
			name = ChaeumTests;
			productName = ChaeumTests;
			productReference = B517EBAA2BEB11E600C8A942 /* ChaeumTests.xctest */;
			productType = "com.apple.product-type.bundle.unit-test";
		};
		B517EBB32BEB11E600C8A942 /* ChaeumUITests */ = {
			isa = PBXNativeTarget;
			buildConfigurationList = B517EBC42BEB11E600C8A942 /* Build configuration list for PBXNativeTarget "ChaeumUITests" */;
			buildPhases = (
				D3D46AC2E093F17163A693CB /* [CP] Check Pods Manifest.lock */,
				B517EBB02BEB11E600C8A942 /* Sources */,
				B517EBB12BEB11E600C8A942 /* Frameworks */,
				B517EBB22BEB11E600C8A942 /* Resources */,
				CB7F6139634BBA9813D981D6 /* [CP] Embed Pods Frameworks */,
			);
			buildRules = (
			);
			dependencies = (
				B517EBB62BEB11E600C8A942 /* PBXTargetDependency */,
			);
			name = ChaeumUITests;
			productName = ChaeumUITests;
			productReference = B517EBB42BEB11E600C8A942 /* ChaeumUITests.xctest */;
			productType = "com.apple.product-type.bundle.ui-testing";
		};
/* End PBXNativeTarget section */

/* Begin PBXProject section */
		B517EB892BEB11E500C8A942 /* Project object */ = {
			isa = PBXProject;
			attributes = {
				BuildIndependentTargetsInParallel = 1;
				LastSwiftUpdateCheck = 1530;
				LastUpgradeCheck = 1530;
				TargetAttributes = {
					B517EB902BEB11E500C8A942 = {
						CreatedOnToolsVersion = 15.3;
					};
					B517EBA92BEB11E600C8A942 = {
						CreatedOnToolsVersion = 15.3;
						TestTargetID = B517EB902BEB11E500C8A942;
					};
					B517EBB32BEB11E600C8A942 = {
						CreatedOnToolsVersion = 15.3;
						TestTargetID = B517EB902BEB11E500C8A942;
					};
				};
			};
			buildConfigurationList = B517EB8C2BEB11E500C8A942 /* Build configuration list for PBXProject "Chaeum" */;
			compatibilityVersion = "Xcode 14.0";
			developmentRegion = en;
			hasScannedForEncodings = 0;
			knownRegions = (
				en,
				Base,
			);
			mainGroup = B517EB882BEB11E500C8A942;
			packageReferences = (
			);
			productRefGroup = B517EB922BEB11E500C8A942 /* Products */;
			projectDirPath = "";
			projectRoot = "";
			targets = (
				B517EB902BEB11E500C8A942 /* Chaeum */,
				B517EBA92BEB11E600C8A942 /* ChaeumTests */,
				B517EBB32BEB11E600C8A942 /* ChaeumUITests */,
			);
		};
/* End PBXProject section */

/* Begin PBXResourcesBuildPhase section */
		B517EB8F2BEB11E500C8A942 /* Resources */ = {
			isa = PBXResourcesBuildPhase;
			buildActionMask = 2147483647;
			files = (
				B517EBA12BEB11E600C8A942 /* Assets.xcassets in Resources */,
				B517EBA42BEB11E600C8A942 /* Base in Resources */,
			);
			runOnlyForDeploymentPostprocessing = 0;
		};
		B517EBA82BEB11E600C8A942 /* Resources */ = {
			isa = PBXResourcesBuildPhase;
			buildActionMask = 2147483647;
			files = (
			);
			runOnlyForDeploymentPostprocessing = 0;
		};
		B517EBB22BEB11E600C8A942 /* Resources */ = {
			isa = PBXResourcesBuildPhase;
			buildActionMask = 2147483647;
			files = (
			);
			runOnlyForDeploymentPostprocessing = 0;
		};
/* End PBXResourcesBuildPhase section */

/* Begin PBXShellScriptBuildPhase section */
		128627ACC454D2591017E5A4 /* [CP] Check Pods Manifest.lock */ = {
			isa = PBXShellScriptBuildPhase;
			buildActionMask = 2147483647;
			files = (
			);
			inputFileListPaths = (
			);
			inputPaths = (
				"${PODS_PODFILE_DIR_PATH}/Podfile.lock",
				"${PODS_ROOT}/Manifest.lock",
			);
			name = "[CP] Check Pods Manifest.lock";
			outputFileListPaths = (
			);
			outputPaths = (
				"$(DERIVED_FILE_DIR)/Pods-Chaeum-checkManifestLockResult.txt",
			);
			runOnlyForDeploymentPostprocessing = 0;
			shellPath = /bin/sh;
			shellScript = "diff \"${PODS_PODFILE_DIR_PATH}/Podfile.lock\" \"${PODS_ROOT}/Manifest.lock\" > /dev/null\nif [ $? != 0 ] ; then\n    # print error to STDERR\n    echo \"error: The sandbox is not in sync with the Podfile.lock. Run 'pod install' or update your CocoaPods installation.\" >&2\n    exit 1\nfi\n# This output is used by Xcode 'outputs' to avoid re-running this script phase.\necho \"SUCCESS\" > \"${SCRIPT_OUTPUT_FILE_0}\"\n";
			showEnvVarsInLog = 0;
		};
		2E045806C4B59B373B281F44 /* [CP] Check Pods Manifest.lock */ = {
			isa = PBXShellScriptBuildPhase;
			buildActionMask = 2147483647;
			files = (
			);
			inputFileListPaths = (
			);
			inputPaths = (
				"${PODS_PODFILE_DIR_PATH}/Podfile.lock",
				"${PODS_ROOT}/Manifest.lock",
			);
			name = "[CP] Check Pods Manifest.lock";
			outputFileListPaths = (
			);
			outputPaths = (
				"$(DERIVED_FILE_DIR)/Pods-ChaeumTests-checkManifestLockResult.txt",
			);
			runOnlyForDeploymentPostprocessing = 0;
			shellPath = /bin/sh;
			shellScript = "diff \"${PODS_PODFILE_DIR_PATH}/Podfile.lock\" \"${PODS_ROOT}/Manifest.lock\" > /dev/null\nif [ $? != 0 ] ; then\n    # print error to STDERR\n    echo \"error: The sandbox is not in sync with the Podfile.lock. Run 'pod install' or update your CocoaPods installation.\" >&2\n    exit 1\nfi\n# This output is used by Xcode 'outputs' to avoid re-running this script phase.\necho \"SUCCESS\" > \"${SCRIPT_OUTPUT_FILE_0}\"\n";
			showEnvVarsInLog = 0;
		};
		32C9A834083556C9DF43A862 /* [CP] Embed Pods Frameworks */ = {
			isa = PBXShellScriptBuildPhase;
			buildActionMask = 2147483647;
			files = (
			);
			inputFileListPaths = (
				"${PODS_ROOT}/Target Support Files/Pods-Chaeum/Pods-Chaeum-frameworks-${CONFIGURATION}-input-files.xcfilelist",
			);
			name = "[CP] Embed Pods Frameworks";
			outputFileListPaths = (
				"${PODS_ROOT}/Target Support Files/Pods-Chaeum/Pods-Chaeum-frameworks-${CONFIGURATION}-output-files.xcfilelist",
			);
			runOnlyForDeploymentPostprocessing = 0;
			shellPath = /bin/sh;
			shellScript = "\"${PODS_ROOT}/Target Support Files/Pods-Chaeum/Pods-Chaeum-frameworks.sh\"\n";
			showEnvVarsInLog = 0;
		};
		CB7F6139634BBA9813D981D6 /* [CP] Embed Pods Frameworks */ = {
			isa = PBXShellScriptBuildPhase;
			buildActionMask = 2147483647;
			files = (
			);
			inputFileListPaths = (
				"${PODS_ROOT}/Target Support Files/Pods-Chaeum-ChaeumUITests/Pods-Chaeum-ChaeumUITests-frameworks-${CONFIGURATION}-input-files.xcfilelist",
			);
			name = "[CP] Embed Pods Frameworks";
			outputFileListPaths = (
				"${PODS_ROOT}/Target Support Files/Pods-Chaeum-ChaeumUITests/Pods-Chaeum-ChaeumUITests-frameworks-${CONFIGURATION}-output-files.xcfilelist",
			);
			runOnlyForDeploymentPostprocessing = 0;
			shellPath = /bin/sh;
			shellScript = "\"${PODS_ROOT}/Target Support Files/Pods-Chaeum-ChaeumUITests/Pods-Chaeum-ChaeumUITests-frameworks.sh\"\n";
			showEnvVarsInLog = 0;
		};
		D3D46AC2E093F17163A693CB /* [CP] Check Pods Manifest.lock */ = {
			isa = PBXShellScriptBuildPhase;
			buildActionMask = 2147483647;
			files = (
			);
			inputFileListPaths = (
			);
			inputPaths = (
				"${PODS_PODFILE_DIR_PATH}/Podfile.lock",
				"${PODS_ROOT}/Manifest.lock",
			);
			name = "[CP] Check Pods Manifest.lock";
			outputFileListPaths = (
			);
			outputPaths = (
				"$(DERIVED_FILE_DIR)/Pods-Chaeum-ChaeumUITests-checkManifestLockResult.txt",
			);
			runOnlyForDeploymentPostprocessing = 0;
			shellPath = /bin/sh;
			shellScript = "diff \"${PODS_PODFILE_DIR_PATH}/Podfile.lock\" \"${PODS_ROOT}/Manifest.lock\" > /dev/null\nif [ $? != 0 ] ; then\n    # print error to STDERR\n    echo \"error: The sandbox is not in sync with the Podfile.lock. Run 'pod install' or update your CocoaPods installation.\" >&2\n    exit 1\nfi\n# This output is used by Xcode 'outputs' to avoid re-running this script phase.\necho \"SUCCESS\" > \"${SCRIPT_OUTPUT_FILE_0}\"\n";
			showEnvVarsInLog = 0;
		};
/* End PBXShellScriptBuildPhase section */

/* Begin PBXSourcesBuildPhase section */
		B517EB8D2BEB11E500C8A942 /* Sources */ = {
			isa = PBXSourcesBuildPhase;
			buildActionMask = 2147483647;
			files = (
				B581F5712C33042700A38D8C /* WorryListReactor.swift in Sources */,
				B581F5402C0EBF4300A38D8C /* HeaderView .swift in Sources */,
				B581F5162C0C312600A38D8C /* ComponentAsset.swift in Sources */,
				B524D4582C05A77200BCA70E /* ViewModelType.swift in Sources */,
				B581F54E2C1BDCEC00A38D8C /* OnboardingUseCase .swift in Sources */,
				B517EBD02BEB21B800C8A942 /* HomeViewController.swift in Sources */,
				B500B9B42BF0A67D0045A2D5 /* TabbarItem.swift in Sources */,
				B524D45A2C060FC100BCA70E /* BaseViewController.swift in Sources */,
				B581F5422C0ED54B00A38D8C /* NameView.swift in Sources */,
				B500B9D12BF345B60045A2D5 /* SettingViewController.swift in Sources */,
				B500B9B12BF0A40C0045A2D5 /* TabbarController.swift in Sources */,
				B517EB952BEB11E500C8A942 /* AppDelegate.swift in Sources */,
				B581F5692C32FBB600A38D8C /* Todo.swift in Sources */,
				B524D4512C059A9900BCA70E /* DesignSystemIcon.swift in Sources */,
				B524D4782C0B586000BCA70E /* BreathViewController.swift in Sources */,
				B581F5512C1BDD2200A38D8C /* OnboardingRepository.swift in Sources */,
				B581F55F2C2DA19300A38D8C /* ReusableIdentifier.swift in Sources */,
				B581F5482C0ED57700A38D8C /* WorryCategoryView .swift in Sources */,
				B581F55D2C2D9D2700A38D8C /* JobCategoryReactor.swift in Sources */,
				B581F5632C32D11600A38D8C /* Gravity.swift in Sources */,
				B524D44C2C05997D00BCA70E /* DesignSystemColor.swift in Sources */,
				B581F56F2C33035900A38D8C /* WorryUseCase.swift in Sources */,
				B500B9D32BF345C10045A2D5 /* SettingViewModel.swift in Sources */,
				B581F5142C0C30BD00A38D8C /* Theme.swift in Sources */,
				B524D44E2C05999F00BCA70E /* DesignSystemFont.swift in Sources */,
				B500B9C52BF24FBE0045A2D5 /* Coordinator.swift in Sources */,
				B524D45E2C09A92F00BCA70E /* UserDefault.swift in Sources */,
				B517EB9F2BEB11E500C8A942 /* Chaeum.xcdatamodeld in Sources */,
				B524D4412C0585F200BCA70E /* TestViewController.swift in Sources */,
				B500B9C92BF342610045A2D5 /* ScheduleReactor.swift in Sources */,
				B581F51F2C0D514700A38D8C /* DependencyContainer.swift in Sources */,
				B581F5652C32D1B900A38D8C /* BubbleView.swift in Sources */,
				B581F5242C0D76F600A38D8C /* OnboardingReactor.swift in Sources */,
				B581F5542C1C823700A38D8C /* SegmentedProgressBar.swift in Sources */,
				B581F56B2C33003700A38D8C /* RealmManager.swift in Sources */,
				B581F56D2C33027B00A38D8C /* WorryRepository.swift in Sources */,
				B581F54C2C1B258D00A38D8C /* User.swift in Sources */,
				B581F5592C2D9BB200A38D8C /* JobCategoryCell.swift in Sources */,
				B581F5262C0D770700A38D8C /* OnboardingCoordinator.swift in Sources */,
				B517EB972BEB11E500C8A942 /* SceneDelegate.swift in Sources */,
				B581F51B2C0CBE0000A38D8C /* HomeReactor.swift in Sources */,
				B524D4432C0586F000BCA70E /* HomeCoordinator.swift in Sources */,
				B581F5192C0C4C9D00A38D8C /* ScheduleRepository.swift in Sources */,
				B524D4552C05A6FE00BCA70E /* ScheduleUseCase .swift in Sources */,
				B581F5612C3278D400A38D8C /* JobCategoryRepository.swift in Sources */,
				B524D4532C05A6AC00BCA70E /* Schedule.swift in Sources */,
				B581F5672C32FB8900A38D8C /* Worry.swift in Sources */,
				B581F5222C0D76E300A38D8C /* OnboardingViewController.swift in Sources */,
			);
			runOnlyForDeploymentPostprocessing = 0;
		};
		B517EBA62BEB11E600C8A942 /* Sources */ = {
			isa = PBXSourcesBuildPhase;
			buildActionMask = 2147483647;
			files = (
				B517EBAF2BEB11E600C8A942 /* ChaeumTests.swift in Sources */,
			);
			runOnlyForDeploymentPostprocessing = 0;
		};
		B517EBB02BEB11E600C8A942 /* Sources */ = {
			isa = PBXSourcesBuildPhase;
			buildActionMask = 2147483647;
			files = (
				B517EBB92BEB11E600C8A942 /* ChaeumUITests.swift in Sources */,
				B517EBBB2BEB11E600C8A942 /* ChaeumUITestsLaunchTests.swift in Sources */,
			);
			runOnlyForDeploymentPostprocessing = 0;
		};
/* End PBXSourcesBuildPhase section */

/* Begin PBXTargetDependency section */
		B517EBAC2BEB11E600C8A942 /* PBXTargetDependency */ = {
			isa = PBXTargetDependency;
			target = B517EB902BEB11E500C8A942 /* Chaeum */;
			targetProxy = B517EBAB2BEB11E600C8A942 /* PBXContainerItemProxy */;
		};
		B517EBB62BEB11E600C8A942 /* PBXTargetDependency */ = {
			isa = PBXTargetDependency;
			target = B517EB902BEB11E500C8A942 /* Chaeum */;
			targetProxy = B517EBB52BEB11E600C8A942 /* PBXContainerItemProxy */;
		};
/* End PBXTargetDependency section */

/* Begin PBXVariantGroup section */
		B517EBA22BEB11E600C8A942 /* LaunchScreen.storyboard */ = {
			isa = PBXVariantGroup;
			children = (
				B517EBA32BEB11E600C8A942 /* Base */,
			);
			name = LaunchScreen.storyboard;
			sourceTree = "<group>";
		};
/* End PBXVariantGroup section */

/* Begin XCBuildConfiguration section */
		B517EBBC2BEB11E600C8A942 /* Debug */ = {
			isa = XCBuildConfiguration;
			buildSettings = {
				ALWAYS_SEARCH_USER_PATHS = NO;
				ASSETCATALOG_COMPILER_GENERATE_SWIFT_ASSET_SYMBOL_EXTENSIONS = YES;
				CLANG_ANALYZER_NONNULL = YES;
				CLANG_ANALYZER_NUMBER_OBJECT_CONVERSION = YES_AGGRESSIVE;
				CLANG_CXX_LANGUAGE_STANDARD = "gnu++20";
				CLANG_ENABLE_MODULES = YES;
				CLANG_ENABLE_OBJC_ARC = YES;
				CLANG_ENABLE_OBJC_WEAK = YES;
				CLANG_WARN_BLOCK_CAPTURE_AUTORELEASING = YES;
				CLANG_WARN_BOOL_CONVERSION = YES;
				CLANG_WARN_COMMA = YES;
				CLANG_WARN_CONSTANT_CONVERSION = YES;
				CLANG_WARN_DEPRECATED_OBJC_IMPLEMENTATIONS = YES;
				CLANG_WARN_DIRECT_OBJC_ISA_USAGE = YES_ERROR;
				CLANG_WARN_DOCUMENTATION_COMMENTS = YES;
				CLANG_WARN_EMPTY_BODY = YES;
				CLANG_WARN_ENUM_CONVERSION = YES;
				CLANG_WARN_INFINITE_RECURSION = YES;
				CLANG_WARN_INT_CONVERSION = YES;
				CLANG_WARN_NON_LITERAL_NULL_CONVERSION = YES;
				CLANG_WARN_OBJC_IMPLICIT_RETAIN_SELF = YES;
				CLANG_WARN_OBJC_LITERAL_CONVERSION = YES;
				CLANG_WARN_OBJC_ROOT_CLASS = YES_ERROR;
				CLANG_WARN_QUOTED_INCLUDE_IN_FRAMEWORK_HEADER = YES;
				CLANG_WARN_RANGE_LOOP_ANALYSIS = YES;
				CLANG_WARN_STRICT_PROTOTYPES = YES;
				CLANG_WARN_SUSPICIOUS_MOVE = YES;
				CLANG_WARN_UNGUARDED_AVAILABILITY = YES_AGGRESSIVE;
				CLANG_WARN_UNREACHABLE_CODE = YES;
				CLANG_WARN__DUPLICATE_METHOD_MATCH = YES;
				COPY_PHASE_STRIP = NO;
				DEBUG_INFORMATION_FORMAT = dwarf;
				ENABLE_STRICT_OBJC_MSGSEND = YES;
				ENABLE_TESTABILITY = YES;
				ENABLE_USER_SCRIPT_SANDBOXING = YES;
				GCC_C_LANGUAGE_STANDARD = gnu17;
				GCC_DYNAMIC_NO_PIC = NO;
				GCC_NO_COMMON_BLOCKS = YES;
				GCC_OPTIMIZATION_LEVEL = 0;
				GCC_PREPROCESSOR_DEFINITIONS = (
					"DEBUG=1",
					"$(inherited)",
				);
				GCC_WARN_64_TO_32_BIT_CONVERSION = YES;
				GCC_WARN_ABOUT_RETURN_TYPE = YES_ERROR;
				GCC_WARN_UNDECLARED_SELECTOR = YES;
				GCC_WARN_UNINITIALIZED_AUTOS = YES_AGGRESSIVE;
				GCC_WARN_UNUSED_FUNCTION = YES;
				GCC_WARN_UNUSED_VARIABLE = YES;
				IPHONEOS_DEPLOYMENT_TARGET = 16.5;
				LOCALIZATION_PREFERS_STRING_CATALOGS = YES;
				MTL_ENABLE_DEBUG_INFO = INCLUDE_SOURCE;
				MTL_FAST_MATH = YES;
				ONLY_ACTIVE_ARCH = YES;
				SDKROOT = iphoneos;
				SWIFT_ACTIVE_COMPILATION_CONDITIONS = "DEBUG $(inherited)";
				SWIFT_OPTIMIZATION_LEVEL = "-Onone";
			};
			name = Debug;
		};
		B517EBBD2BEB11E600C8A942 /* Release */ = {
			isa = XCBuildConfiguration;
			buildSettings = {
				ALWAYS_SEARCH_USER_PATHS = NO;
				ASSETCATALOG_COMPILER_GENERATE_SWIFT_ASSET_SYMBOL_EXTENSIONS = YES;
				CLANG_ANALYZER_NONNULL = YES;
				CLANG_ANALYZER_NUMBER_OBJECT_CONVERSION = YES_AGGRESSIVE;
				CLANG_CXX_LANGUAGE_STANDARD = "gnu++20";
				CLANG_ENABLE_MODULES = YES;
				CLANG_ENABLE_OBJC_ARC = YES;
				CLANG_ENABLE_OBJC_WEAK = YES;
				CLANG_WARN_BLOCK_CAPTURE_AUTORELEASING = YES;
				CLANG_WARN_BOOL_CONVERSION = YES;
				CLANG_WARN_COMMA = YES;
				CLANG_WARN_CONSTANT_CONVERSION = YES;
				CLANG_WARN_DEPRECATED_OBJC_IMPLEMENTATIONS = YES;
				CLANG_WARN_DIRECT_OBJC_ISA_USAGE = YES_ERROR;
				CLANG_WARN_DOCUMENTATION_COMMENTS = YES;
				CLANG_WARN_EMPTY_BODY = YES;
				CLANG_WARN_ENUM_CONVERSION = YES;
				CLANG_WARN_INFINITE_RECURSION = YES;
				CLANG_WARN_INT_CONVERSION = YES;
				CLANG_WARN_NON_LITERAL_NULL_CONVERSION = YES;
				CLANG_WARN_OBJC_IMPLICIT_RETAIN_SELF = YES;
				CLANG_WARN_OBJC_LITERAL_CONVERSION = YES;
				CLANG_WARN_OBJC_ROOT_CLASS = YES_ERROR;
				CLANG_WARN_QUOTED_INCLUDE_IN_FRAMEWORK_HEADER = YES;
				CLANG_WARN_RANGE_LOOP_ANALYSIS = YES;
				CLANG_WARN_STRICT_PROTOTYPES = YES;
				CLANG_WARN_SUSPICIOUS_MOVE = YES;
				CLANG_WARN_UNGUARDED_AVAILABILITY = YES_AGGRESSIVE;
				CLANG_WARN_UNREACHABLE_CODE = YES;
				CLANG_WARN__DUPLICATE_METHOD_MATCH = YES;
				COPY_PHASE_STRIP = NO;
				DEBUG_INFORMATION_FORMAT = "dwarf-with-dsym";
				ENABLE_NS_ASSERTIONS = NO;
				ENABLE_STRICT_OBJC_MSGSEND = YES;
				ENABLE_USER_SCRIPT_SANDBOXING = YES;
				GCC_C_LANGUAGE_STANDARD = gnu17;
				GCC_NO_COMMON_BLOCKS = YES;
				GCC_WARN_64_TO_32_BIT_CONVERSION = YES;
				GCC_WARN_ABOUT_RETURN_TYPE = YES_ERROR;
				GCC_WARN_UNDECLARED_SELECTOR = YES;
				GCC_WARN_UNINITIALIZED_AUTOS = YES_AGGRESSIVE;
				GCC_WARN_UNUSED_FUNCTION = YES;
				GCC_WARN_UNUSED_VARIABLE = YES;
				IPHONEOS_DEPLOYMENT_TARGET = 16.5;
				LOCALIZATION_PREFERS_STRING_CATALOGS = YES;
				MTL_ENABLE_DEBUG_INFO = NO;
				MTL_FAST_MATH = YES;
				SDKROOT = iphoneos;
				SWIFT_COMPILATION_MODE = wholemodule;
				VALIDATE_PRODUCT = YES;
			};
			name = Release;
		};
		B517EBBF2BEB11E600C8A942 /* Debug */ = {
			isa = XCBuildConfiguration;
			baseConfigurationReference = 650728DD8C94253B13176DAE /* Pods-Chaeum.debug.xcconfig */;
			buildSettings = {
				ASSETCATALOG_COMPILER_APPICON_NAME = AppIcon;
				ASSETCATALOG_COMPILER_GLOBAL_ACCENT_COLOR_NAME = AccentColor;
				CODE_SIGN_IDENTITY = "Apple Development";
				CODE_SIGN_STYLE = Automatic;
				CURRENT_PROJECT_VERSION = 1;
				DEVELOPMENT_TEAM = AU24ZRJ649;
				ENABLE_USER_SCRIPT_SANDBOXING = NO;
				GENERATE_INFOPLIST_FILE = YES;
				INFOPLIST_FILE = Chaeum/Info.plist;
				INFOPLIST_KEY_LSApplicationCategoryType = "";
				INFOPLIST_KEY_NSMicrophoneUsageDescription = "";
				INFOPLIST_KEY_NSSpeechRecognitionUsageDescription = "$(MARKETING_VERSION)";
				INFOPLIST_KEY_UIApplicationSupportsIndirectInputEvents = YES;
				INFOPLIST_KEY_UILaunchStoryboardName = LaunchScreen;
				INFOPLIST_KEY_UISupportedInterfaceOrientations_iPad = "UIInterfaceOrientationPortrait UIInterfaceOrientationPortraitUpsideDown UIInterfaceOrientationLandscapeLeft UIInterfaceOrientationLandscapeRight";
				INFOPLIST_KEY_UISupportedInterfaceOrientations_iPhone = "UIInterfaceOrientationPortrait UIInterfaceOrientationLandscapeLeft UIInterfaceOrientationLandscapeRight";
				LD_RUNPATH_SEARCH_PATHS = (
					"$(inherited)",
					"@executable_path/Frameworks",
				);
				MARKETING_VERSION = 1.0;
				PRODUCT_BUNDLE_IDENTIFIER = gomminjae.Chaeum;
				PRODUCT_NAME = "$(TARGET_NAME)";
				PROVISIONING_PROFILE_SPECIFIER = "";
				SWIFT_EMIT_LOC_STRINGS = YES;
				SWIFT_VERSION = 5.0;
				TARGETED_DEVICE_FAMILY = "1,2";
			};
			name = Debug;
		};
		B517EBC02BEB11E600C8A942 /* Release */ = {
			isa = XCBuildConfiguration;
			baseConfigurationReference = 69D38FBB3B7FB5A7C3EBA605 /* Pods-Chaeum.release.xcconfig */;
			buildSettings = {
				ASSETCATALOG_COMPILER_APPICON_NAME = AppIcon;
				ASSETCATALOG_COMPILER_GLOBAL_ACCENT_COLOR_NAME = AccentColor;
				CODE_SIGN_IDENTITY = "Apple Development";
				CODE_SIGN_STYLE = Automatic;
				CURRENT_PROJECT_VERSION = 1;
				DEVELOPMENT_TEAM = AU24ZRJ649;
				ENABLE_USER_SCRIPT_SANDBOXING = NO;
				GENERATE_INFOPLIST_FILE = YES;
				INFOPLIST_FILE = Chaeum/Info.plist;
				INFOPLIST_KEY_LSApplicationCategoryType = "";
				INFOPLIST_KEY_NSMicrophoneUsageDescription = "";
				INFOPLIST_KEY_NSSpeechRecognitionUsageDescription = "$(MARKETING_VERSION)";
				INFOPLIST_KEY_UIApplicationSupportsIndirectInputEvents = YES;
				INFOPLIST_KEY_UILaunchStoryboardName = LaunchScreen;
				INFOPLIST_KEY_UISupportedInterfaceOrientations_iPad = "UIInterfaceOrientationPortrait UIInterfaceOrientationPortraitUpsideDown UIInterfaceOrientationLandscapeLeft UIInterfaceOrientationLandscapeRight";
				INFOPLIST_KEY_UISupportedInterfaceOrientations_iPhone = "UIInterfaceOrientationPortrait UIInterfaceOrientationLandscapeLeft UIInterfaceOrientationLandscapeRight";
				LD_RUNPATH_SEARCH_PATHS = (
					"$(inherited)",
					"@executable_path/Frameworks",
				);
				MARKETING_VERSION = 1.0;
				PRODUCT_BUNDLE_IDENTIFIER = gomminjae.Chaeum;
				PRODUCT_NAME = "$(TARGET_NAME)";
				PROVISIONING_PROFILE_SPECIFIER = "";
				SWIFT_EMIT_LOC_STRINGS = YES;
				SWIFT_VERSION = 5.0;
				TARGETED_DEVICE_FAMILY = "1,2";
			};
			name = Release;
		};
		B517EBC22BEB11E600C8A942 /* Debug */ = {
			isa = XCBuildConfiguration;
			baseConfigurationReference = EAAF5BAEA8927A43B2BB858D /* Pods-ChaeumTests.debug.xcconfig */;
			buildSettings = {
				ALWAYS_EMBED_SWIFT_STANDARD_LIBRARIES = YES;
				BUNDLE_LOADER = "$(TEST_HOST)";
				CODE_SIGN_STYLE = Automatic;
				CURRENT_PROJECT_VERSION = 1;
				DEVELOPMENT_TEAM = AU24ZRJ649;
				GENERATE_INFOPLIST_FILE = YES;
				IPHONEOS_DEPLOYMENT_TARGET = 17.4;
				MARKETING_VERSION = 1.0;
				PRODUCT_BUNDLE_IDENTIFIER = gomminjae.ChaeumTests;
				PRODUCT_NAME = "$(TARGET_NAME)";
				SWIFT_EMIT_LOC_STRINGS = NO;
				SWIFT_VERSION = 5.0;
				TARGETED_DEVICE_FAMILY = "1,2";
				TEST_HOST = "$(BUILT_PRODUCTS_DIR)/Chaeum.app/$(BUNDLE_EXECUTABLE_FOLDER_PATH)/Chaeum";
			};
			name = Debug;
		};
		B517EBC32BEB11E600C8A942 /* Release */ = {
			isa = XCBuildConfiguration;
			baseConfigurationReference = 3E91035569F5C85ABFFE5624 /* Pods-ChaeumTests.release.xcconfig */;
			buildSettings = {
				ALWAYS_EMBED_SWIFT_STANDARD_LIBRARIES = YES;
				BUNDLE_LOADER = "$(TEST_HOST)";
				CODE_SIGN_STYLE = Automatic;
				CURRENT_PROJECT_VERSION = 1;
				DEVELOPMENT_TEAM = AU24ZRJ649;
				GENERATE_INFOPLIST_FILE = YES;
				IPHONEOS_DEPLOYMENT_TARGET = 17.4;
				MARKETING_VERSION = 1.0;
				PRODUCT_BUNDLE_IDENTIFIER = gomminjae.ChaeumTests;
				PRODUCT_NAME = "$(TARGET_NAME)";
				SWIFT_EMIT_LOC_STRINGS = NO;
				SWIFT_VERSION = 5.0;
				TARGETED_DEVICE_FAMILY = "1,2";
				TEST_HOST = "$(BUILT_PRODUCTS_DIR)/Chaeum.app/$(BUNDLE_EXECUTABLE_FOLDER_PATH)/Chaeum";
			};
			name = Release;
		};
		B517EBC52BEB11E600C8A942 /* Debug */ = {
			isa = XCBuildConfiguration;
			baseConfigurationReference = 2FDBCD10CB04643A0DDFC30E /* Pods-Chaeum-ChaeumUITests.debug.xcconfig */;
			buildSettings = {
				ALWAYS_EMBED_SWIFT_STANDARD_LIBRARIES = YES;
				CODE_SIGN_STYLE = Automatic;
				CURRENT_PROJECT_VERSION = 1;
				DEVELOPMENT_TEAM = AU24ZRJ649;
				GENERATE_INFOPLIST_FILE = YES;
				MARKETING_VERSION = 1.0;
				PRODUCT_BUNDLE_IDENTIFIER = gomminjae.ChaeumUITests;
				PRODUCT_NAME = "$(TARGET_NAME)";
				SWIFT_EMIT_LOC_STRINGS = NO;
				SWIFT_VERSION = 5.0;
				TARGETED_DEVICE_FAMILY = "1,2";
				TEST_TARGET_NAME = Chaeum;
			};
			name = Debug;
		};
		B517EBC62BEB11E600C8A942 /* Release */ = {
			isa = XCBuildConfiguration;
			baseConfigurationReference = 3F325423F11F36EBA83DE32E /* Pods-Chaeum-ChaeumUITests.release.xcconfig */;
			buildSettings = {
				ALWAYS_EMBED_SWIFT_STANDARD_LIBRARIES = YES;
				CODE_SIGN_STYLE = Automatic;
				CURRENT_PROJECT_VERSION = 1;
				DEVELOPMENT_TEAM = AU24ZRJ649;
				GENERATE_INFOPLIST_FILE = YES;
				MARKETING_VERSION = 1.0;
				PRODUCT_BUNDLE_IDENTIFIER = gomminjae.ChaeumUITests;
				PRODUCT_NAME = "$(TARGET_NAME)";
				SWIFT_EMIT_LOC_STRINGS = NO;
				SWIFT_VERSION = 5.0;
				TARGETED_DEVICE_FAMILY = "1,2";
				TEST_TARGET_NAME = Chaeum;
			};
			name = Release;
		};
/* End XCBuildConfiguration section */

/* Begin XCConfigurationList section */
		B517EB8C2BEB11E500C8A942 /* Build configuration list for PBXProject "Chaeum" */ = {
			isa = XCConfigurationList;
			buildConfigurations = (
				B517EBBC2BEB11E600C8A942 /* Debug */,
				B517EBBD2BEB11E600C8A942 /* Release */,
			);
			defaultConfigurationIsVisible = 0;
			defaultConfigurationName = Release;
		};
		B517EBBE2BEB11E600C8A942 /* Build configuration list for PBXNativeTarget "Chaeum" */ = {
			isa = XCConfigurationList;
			buildConfigurations = (
				B517EBBF2BEB11E600C8A942 /* Debug */,
				B517EBC02BEB11E600C8A942 /* Release */,
			);
			defaultConfigurationIsVisible = 0;
			defaultConfigurationName = Release;
		};
		B517EBC12BEB11E600C8A942 /* Build configuration list for PBXNativeTarget "ChaeumTests" */ = {
			isa = XCConfigurationList;
			buildConfigurations = (
				B517EBC22BEB11E600C8A942 /* Debug */,
				B517EBC32BEB11E600C8A942 /* Release */,
			);
			defaultConfigurationIsVisible = 0;
			defaultConfigurationName = Release;
		};
		B517EBC42BEB11E600C8A942 /* Build configuration list for PBXNativeTarget "ChaeumUITests" */ = {
			isa = XCConfigurationList;
			buildConfigurations = (
				B517EBC52BEB11E600C8A942 /* Debug */,
				B517EBC62BEB11E600C8A942 /* Release */,
			);
			defaultConfigurationIsVisible = 0;
			defaultConfigurationName = Release;
		};
/* End XCConfigurationList section */

/* Begin XCVersionGroup section */
		B517EB9D2BEB11E500C8A942 /* Chaeum.xcdatamodeld */ = {
			isa = XCVersionGroup;
			children = (
				B517EB9E2BEB11E500C8A942 /* Chaeum.xcdatamodel */,
			);
			currentVersion = B517EB9E2BEB11E500C8A942 /* Chaeum.xcdatamodel */;
			path = Chaeum.xcdatamodeld;
			sourceTree = "<group>";
			versionGroupType = wrapper.xcdatamodel;
		};
/* End XCVersionGroup section */
	};
	rootObject = B517EB892BEB11E500C8A942 /* Project object */;
}
